
Microsoft Visual Studio Solution File, Format Version 12.00
# Visual Studio Version 16
VisualStudioVersion = 16.0.32510.428
MinimumVisualStudioVersion = 10.0.40219.1
Project("{8BC9CEB8-8B4A-11D0-8D11-00A0C91BC942}") = "Tic-Tac-Toe Bot", "Tic-Tac-Toe Bot\Tic-Tac-Toe Bot.vcxproj", "{16CB9391-ED95-4031-95E1-AFD5C550246E}"
EndProject
Global
	GlobalSection(SolutionConfigurationPlatforms) = preSolution
		Debug|x64 = Debug|x64
		Debug|x86 = Debug|x86
		Release|x64 = Release|x64
		Release|x86 = Release|x86
	EndGlobalSection
	GlobalSection(ProjectConfigurationPlatforms) = postSolution
		{16CB9391-ED95-4031-95E1-AFD5C550246E}.Debug|x64.ActiveCfg = Debug|x64
		{16CB9391-ED95-4031-95E1-AFD5C550246E}.Debug|x64.Build.0 = Debug|x64
		{16CB9391-ED95-4031-95E1-AFD5C550246E}.Debug|x86.ActiveCfg = Debug|Win32
		{16CB9391-ED95-4031-95E1-AFD5C550246E}.Debug|x86.Build.0 = Debug|Win32
		{16CB9391-ED95-4031-95E1-AFD5C550246E}.Release|x64.ActiveCfg = Release|x64
		{16CB9391-ED95-4031-95E1-AFD5C550246E}.Release|x64.Build.0 = Release|x64
		{16CB9391-ED95-4031-95E1-AFD5C550246E}.Release|x86.ActiveCfg = Release|Win32
		{16CB9391-ED95-4031-95E1-AFD5C550246E}.Release|x86.Build.0 = Release|Win32
	EndGlobalSection
	GlobalSection(SolutionProperties) = preSolution
		HideSolutionNode = FALSE
	EndGlobalSection
	GlobalSection(ExtensibilityGlobals) = postSolution
		SolutionGuid = {A19E17DD-FC54-4B0E-BC57-2C2B7788F894}
	EndGlobalSection
EndGlobal
